
Microsoft Visual Studio Solution File, Format Version 12.00
# Visual Studio 15
VisualStudioVersion = 15.0.27703.2026
MinimumVisualStudioVersion = 10.0.40219.1
Project("{9A19103F-16F7-4668-BE54-9A1E7A4F7556}") = "Monatsziele.Api", "Monatsziele.Api\Monatsziele.Api.csproj", "{55042FFD-0EA5-42E3-87B9-5C7F269434BB}"
EndProject
Project("{9A19103F-16F7-4668-BE54-9A1E7A4F7556}") = "Monatsziele.Repository", "Monatsziele.Repository\Monatsziele.Repository.csproj", "{76125028-C355-47E6-A867-281B94DB7073}"
EndProject
Global
	GlobalSection(SolutionConfigurationPlatforms) = preSolution
		Debug|Any CPU = Debug|Any CPU
		Release|Any CPU = Release|Any CPU
	EndGlobalSection
	GlobalSection(ProjectConfigurationPlatforms) = postSolution
		{55042FFD-0EA5-42E3-87B9-5C7F269434BB}.Debug|Any CPU.ActiveCfg = Debug|Any CPU
		{55042FFD-0EA5-42E3-87B9-5C7F269434BB}.Debug|Any CPU.Build.0 = Debug|Any CPU
		{55042FFD-0EA5-42E3-87B9-5C7F269434BB}.Release|Any CPU.ActiveCfg = Release|Any CPU
		{55042FFD-0EA5-42E3-87B9-5C7F269434BB}.Release|Any CPU.Build.0 = Release|Any CPU
		{76125028-C355-47E6-A867-281B94DB7073}.Debug|Any CPU.ActiveCfg = Debug|Any CPU
		{76125028-C355-47E6-A867-281B94DB7073}.Debug|Any CPU.Build.0 = Debug|Any CPU
		{76125028-C355-47E6-A867-281B94DB7073}.Release|Any CPU.ActiveCfg = Release|Any CPU
		{76125028-C355-47E6-A867-281B94DB7073}.Release|Any CPU.Build.0 = Release|Any CPU
	EndGlobalSection
	GlobalSection(SolutionProperties) = preSolution
		HideSolutionNode = FALSE
	EndGlobalSection
	GlobalSection(ExtensibilityGlobals) = postSolution
		SolutionGuid = {122986B3-CEEB-4548-B2A9-585685C521DB}
	EndGlobalSection
EndGlobal
